
Microsoft Visual Studio Solution File, Format Version 12.00
# Visual Studio Version 17
VisualStudioVersion = 17.8.34525.116
MinimumVisualStudioVersion = 10.0.40219.1
Project("{FAE04EC0-301F-11D3-BF4B-00C04F79EFBC}") = "BookHaven_Library", "BookHaven_Library\BookHaven_Library.csproj", "{181ACA8E-76A5-4ABA-AEC8-0827BE3D4A4B}"
EndProject
Global
	GlobalSection(SolutionConfigurationPlatforms) = preSolution
		Debug|Any CPU = Debug|Any CPU
		Release|Any CPU = Release|Any CPU
	EndGlobalSection
	GlobalSection(ProjectConfigurationPlatforms) = postSolution
		{181ACA8E-76A5-4ABA-AEC8-0827BE3D4A4B}.Debug|Any CPU.ActiveCfg = Debug|Any CPU
		{181ACA8E-76A5-4ABA-AEC8-0827BE3D4A4B}.Debug|Any CPU.Build.0 = Debug|Any CPU
		{181ACA8E-76A5-4ABA-AEC8-0827BE3D4A4B}.Release|Any CPU.ActiveCfg = Release|Any CPU
		{181ACA8E-76A5-4ABA-AEC8-0827BE3D4A4B}.Release|Any CPU.Build.0 = Release|Any CPU
	EndGlobalSection
	GlobalSection(SolutionProperties) = preSolution
		HideSolutionNode = FALSE
	EndGlobalSection
	GlobalSection(ExtensibilityGlobals) = postSolution
		SolutionGuid = {F5D077DB-D9CE-4BDB-B942-1A78F3197B06}
	EndGlobalSection
EndGlobal
